// !$*UTF8*$!
{
	archiveVersion = 1;
	classes = {
	};
	objectVersion = 56;
	objects = {

/* Begin PBXBuildFile section */
		E5B950E02BEBFA7D004BC522 /* skorguruApp.swift in Sources */ = {isa = PBXBuildFile; fileRef = E5B950DF2BEBFA7D004BC522 /* skorguruApp.swift */; };
		E5B950E42BEBFA7E004BC522 /* Assets.xcassets in Resources */ = {isa = PBXBuildFile; fileRef = E5B950E32BEBFA7E004BC522 /* Assets.xcassets */; };
		E5B950E72BEBFA7E004BC522 /* Preview Assets.xcassets in Resources */ = {isa = PBXBuildFile; fileRef = E5B950E62BEBFA7E004BC522 /* Preview Assets.xcassets */; };
		E5B950F12BEBFD92004BC522 /* TabBar.swift in Sources */ = {isa = PBXBuildFile; fileRef = E5B950F02BEBFD92004BC522 /* TabBar.swift */; };
		E5B950FB2BEBFFE4004BC522 /* HomeView.swift in Sources */ = {isa = PBXBuildFile; fileRef = E5B950FA2BEBFFE4004BC522 /* HomeView.swift */; };
		E5B950FF2BEC0029004BC522 /* ProfileView.swift in Sources */ = {isa = PBXBuildFile; fileRef = E5B950FE2BEC0029004BC522 /* ProfileView.swift */; };
		E5B951022BECDCAF004BC522 /* NetworkError.swift in Sources */ = {isa = PBXBuildFile; fileRef = E5B951012BECDCAF004BC522 /* NetworkError.swift */; };
		E5B951042BECDDB5004BC522 /* HttpMethods.swift in Sources */ = {isa = PBXBuildFile; fileRef = E5B951032BECDDB4004BC522 /* HttpMethods.swift */; };
		E5B951062BECDE0A004BC522 /* EndpointProtocol.swift in Sources */ = {isa = PBXBuildFile; fileRef = E5B951052BECDE0A004BC522 /* EndpointProtocol.swift */; };
		E5B951082BECDE20004BC522 /* NetworkManager.swift in Sources */ = {isa = PBXBuildFile; fileRef = E5B951072BECDE20004BC522 /* NetworkManager.swift */; };
		E5B9510A2BECDE93004BC522 /* HomeViewModel.swift in Sources */ = {isa = PBXBuildFile; fileRef = E5B951092BECDE93004BC522 /* HomeViewModel.swift */; };
		E5B9510C2BECE1C7004BC522 /* Model.swift in Sources */ = {isa = PBXBuildFile; fileRef = E5B9510B2BECE1C7004BC522 /* Model.swift */; };
/* End PBXBuildFile section */

/* Begin PBXFileReference section */
		E5B950DC2BEBFA7D004BC522 /* skorguru.app */ = {isa = PBXFileReference; explicitFileType = wrapper.application; includeInIndex = 0; path = skorguru.app; sourceTree = BUILT_PRODUCTS_DIR; };
		E5B950DF2BEBFA7D004BC522 /* skorguruApp.swift */ = {isa = PBXFileReference; lastKnownFileType = sourcecode.swift; path = skorguruApp.swift; sourceTree = "<group>"; };
		E5B950E32BEBFA7E004BC522 /* Assets.xcassets */ = {isa = PBXFileReference; lastKnownFileType = folder.assetcatalog; path = Assets.xcassets; sourceTree = "<group>"; };
		E5B950E62BEBFA7E004BC522 /* Preview Assets.xcassets */ = {isa = PBXFileReference; lastKnownFileType = folder.assetcatalog; path = "Preview Assets.xcassets"; sourceTree = "<group>"; };
		E5B950F02BEBFD92004BC522 /* TabBar.swift */ = {isa = PBXFileReference; lastKnownFileType = sourcecode.swift; path = TabBar.swift; sourceTree = "<group>"; };
		E5B950FA2BEBFFE4004BC522 /* HomeView.swift */ = {isa = PBXFileReference; lastKnownFileType = sourcecode.swift; path = HomeView.swift; sourceTree = "<group>"; };
		E5B950FE2BEC0029004BC522 /* ProfileView.swift */ = {isa = PBXFileReference; lastKnownFileType = sourcecode.swift; path = ProfileView.swift; sourceTree = "<group>"; };
		E5B951012BECDCAF004BC522 /* NetworkError.swift */ = {isa = PBXFileReference; lastKnownFileType = sourcecode.swift; path = NetworkError.swift; sourceTree = "<group>"; };
		E5B951032BECDDB4004BC522 /* HttpMethods.swift */ = {isa = PBXFileReference; lastKnownFileType = sourcecode.swift; path = HttpMethods.swift; sourceTree = "<group>"; };
		E5B951052BECDE0A004BC522 /* EndpointProtocol.swift */ = {isa = PBXFileReference; lastKnownFileType = sourcecode.swift; path = EndpointProtocol.swift; sourceTree = "<group>"; };
		E5B951072BECDE20004BC522 /* NetworkManager.swift */ = {isa = PBXFileReference; lastKnownFileType = sourcecode.swift; path = NetworkManager.swift; sourceTree = "<group>"; };
		E5B951092BECDE93004BC522 /* HomeViewModel.swift */ = {isa = PBXFileReference; lastKnownFileType = sourcecode.swift; path = HomeViewModel.swift; sourceTree = "<group>"; };
		E5B9510B2BECE1C7004BC522 /* Model.swift */ = {isa = PBXFileReference; lastKnownFileType = sourcecode.swift; path = Model.swift; sourceTree = "<group>"; };
/* End PBXFileReference section */

/* Begin PBXFrameworksBuildPhase section */
		E5B950D92BEBFA7D004BC522 /* Frameworks */ = {
			isa = PBXFrameworksBuildPhase;
			buildActionMask = 2147483647;
			files = (
			);
			runOnlyForDeploymentPostprocessing = 0;
		};
/* End PBXFrameworksBuildPhase section */

/* Begin PBXGroup section */
		E5B950D32BEBFA7D004BC522 = {
			isa = PBXGroup;
			children = (
				E5B950DE2BEBFA7D004BC522 /* skorguru */,
				E5B950DD2BEBFA7D004BC522 /* Products */,
			);
			sourceTree = "<group>";
		};
		E5B950DD2BEBFA7D004BC522 /* Products */ = {
			isa = PBXGroup;
			children = (
				E5B950DC2BEBFA7D004BC522 /* skorguru.app */,
			);
			name = Products;
			sourceTree = "<group>";
		};
		E5B950DE2BEBFA7D004BC522 /* skorguru */ = {
			isa = PBXGroup;
			children = (
				E5B951002BECDC70004BC522 /* Network */,
				E5B950EE2BEBFB43004BC522 /* App */,
				E5B950ED2BEBFAFE004BC522 /* Core */,
				E5B950E32BEBFA7E004BC522 /* Assets.xcassets */,
				E5B950E52BEBFA7E004BC522 /* Preview Content */,
			);
			path = skorguru;
			sourceTree = "<group>";
		};
		E5B950E52BEBFA7E004BC522 /* Preview Content */ = {
			isa = PBXGroup;
			children = (
				E5B950E62BEBFA7E004BC522 /* Preview Assets.xcassets */,
			);
			path = "Preview Content";
			sourceTree = "<group>";
		};
		E5B950ED2BEBFAFE004BC522 /* Core */ = {
			isa = PBXGroup;
			children = (
				E5B950F22BEBFF83004BC522 /* Screens */,
				E5B950EF2BEBFD87004BC522 /* TabBar */,
			);
			path = Core;
			sourceTree = "<group>";
		};
		E5B950EE2BEBFB43004BC522 /* App */ = {
			isa = PBXGroup;
			children = (
				E5B950DF2BEBFA7D004BC522 /* skorguruApp.swift */,
			);
			path = App;
			sourceTree = "<group>";
		};
		E5B950EF2BEBFD87004BC522 /* TabBar */ = {
			isa = PBXGroup;
			children = (
				E5B950F02BEBFD92004BC522 /* TabBar.swift */,
			);
			path = TabBar;
			sourceTree = "<group>";
		};
		E5B950F22BEBFF83004BC522 /* Screens */ = {
			isa = PBXGroup;
			children = (
				E5B950F72BEBFFC2004BC522 /* Home */,
				E5B950F52BEBFFAB004BC522 /* Profile */,
			);
			path = Screens;
			sourceTree = "<group>";
		};
		E5B950F52BEBFFAB004BC522 /* Profile */ = {
			isa = PBXGroup;
			children = (
				E5B950FE2BEC0029004BC522 /* ProfileView.swift */,
			);
			path = Profile;
			sourceTree = "<group>";
		};
		E5B950F72BEBFFC2004BC522 /* Home */ = {
			isa = PBXGroup;
			children = (
				E5B950FA2BEBFFE4004BC522 /* HomeView.swift */,
				E5B951092BECDE93004BC522 /* HomeViewModel.swift */,
				E5B9510B2BECE1C7004BC522 /* Model.swift */,
			);
			path = Home;
			sourceTree = "<group>";
		};
		E5B951002BECDC70004BC522 /* Network */ = {
			isa = PBXGroup;
			children = (
				E5B951012BECDCAF004BC522 /* NetworkError.swift */,
				E5B951032BECDDB4004BC522 /* HttpMethods.swift */,
				E5B951052BECDE0A004BC522 /* EndpointProtocol.swift */,
				E5B951072BECDE20004BC522 /* NetworkManager.swift */,
			);
			path = Network;
			sourceTree = "<group>";
		};
/* End PBXGroup section */

/* Begin PBXNativeTarget section */
		E5B950DB2BEBFA7D004BC522 /* skorguru */ = {
			isa = PBXNativeTarget;
			buildConfigurationList = E5B950EA2BEBFA7E004BC522 /* Build configuration list for PBXNativeTarget "skorguru" */;
			buildPhases = (
				E5B950D82BEBFA7D004BC522 /* Sources */,
				E5B950D92BEBFA7D004BC522 /* Frameworks */,
				E5B950DA2BEBFA7D004BC522 /* Resources */,
			);
			buildRules = (
			);
			dependencies = (
			);
			name = skorguru;
			productName = skorguru;
			productReference = E5B950DC2BEBFA7D004BC522 /* skorguru.app */;
			productType = "com.apple.product-type.application";
		};
/* End PBXNativeTarget section */

/* Begin PBXProject section */
		E5B950D42BEBFA7D004BC522 /* Project object */ = {
			isa = PBXProject;
			attributes = {
				BuildIndependentTargetsInParallel = 1;
				LastSwiftUpdateCheck = 1500;
				LastUpgradeCheck = 1500;
				TargetAttributes = {
					E5B950DB2BEBFA7D004BC522 = {
						CreatedOnToolsVersion = 15.0.1;
					};
				};
			};
			buildConfigurationList = E5B950D72BEBFA7D004BC522 /* Build configuration list for PBXProject "skorguru" */;
			compatibilityVersion = "Xcode 14.0";
			developmentRegion = en;
			hasScannedForEncodings = 0;
			knownRegions = (
				en,
				Base,
			);
			mainGroup = E5B950D32BEBFA7D004BC522;
			productRefGroup = E5B950DD2BEBFA7D004BC522 /* Products */;
			projectDirPath = "";
			projectRoot = "";
			targets = (
				E5B950DB2BEBFA7D004BC522 /* skorguru */,
			);
		};
/* End PBXProject section */

/* Begin PBXResourcesBuildPhase section */
		E5B950DA2BEBFA7D004BC522 /* Resources */ = {
			isa = PBXResourcesBuildPhase;
			buildActionMask = 2147483647;
			files = (
				E5B950E72BEBFA7E004BC522 /* Preview Assets.xcassets in Resources */,
				E5B950E42BEBFA7E004BC522 /* Assets.xcassets in Resources */,
			);
			runOnlyForDeploymentPostprocessing = 0;
		};
/* End PBXResourcesBuildPhase section */

/* Begin PBXSourcesBuildPhase section */
		E5B950D82BEBFA7D004BC522 /* Sources */ = {
			isa = PBXSourcesBuildPhase;
			buildActionMask = 2147483647;
			files = (
				E5B950FF2BEC0029004BC522 /* ProfileView.swift in Sources */,
				E5B9510A2BECDE93004BC522 /* HomeViewModel.swift in Sources */,
				E5B950FB2BEBFFE4004BC522 /* HomeView.swift in Sources */,
				E5B950F12BEBFD92004BC522 /* TabBar.swift in Sources */,
				E5B951062BECDE0A004BC522 /* EndpointProtocol.swift in Sources */,
				E5B9510C2BECE1C7004BC522 /* Model.swift in Sources */,
				E5B951082BECDE20004BC522 /* NetworkManager.swift in Sources */,
				E5B950E02BEBFA7D004BC522 /* skorguruApp.swift in Sources */,
				E5B951042BECDDB5004BC522 /* HttpMethods.swift in Sources */,
				E5B951022BECDCAF004BC522 /* NetworkError.swift in Sources */,
			);
			runOnlyForDeploymentPostprocessing = 0;
		};
/* End PBXSourcesBuildPhase section */

/* Begin XCBuildConfiguration section */
		E5B950E82BEBFA7E004BC522 /* Debug */ = {
			isa = XCBuildConfiguration;
			buildSettings = {
				ALWAYS_SEARCH_USER_PATHS = NO;
				ASSETCATALOG_COMPILER_GENERATE_SWIFT_ASSET_SYMBOL_EXTENSIONS = YES;
				CLANG_ANALYZER_NONNULL = YES;
				CLANG_ANALYZER_NUMBER_OBJECT_CONVERSION = YES_AGGRESSIVE;
				CLANG_CXX_LANGUAGE_STANDARD = "gnu++20";
				CLANG_ENABLE_MODULES = YES;
				CLANG_ENABLE_OBJC_ARC = YES;
				CLANG_ENABLE_OBJC_WEAK = YES;
				CLANG_WARN_BLOCK_CAPTURE_AUTORELEASING = YES;
				CLANG_WARN_BOOL_CONVERSION = YES;
				CLANG_WARN_COMMA = YES;
				CLANG_WARN_CONSTANT_CONVERSION = YES;
				CLANG_WARN_DEPRECATED_OBJC_IMPLEMENTATIONS = YES;
				CLANG_WARN_DIRECT_OBJC_ISA_USAGE = YES_ERROR;
				CLANG_WARN_DOCUMENTATION_COMMENTS = YES;
				CLANG_WARN_EMPTY_BODY = YES;
				CLANG_WARN_ENUM_CONVERSION = YES;
				CLANG_WARN_INFINITE_RECURSION = YES;
				CLANG_WARN_INT_CONVERSION = YES;
				CLANG_WARN_NON_LITERAL_NULL_CONVERSION = YES;
				CLANG_WARN_OBJC_IMPLICIT_RETAIN_SELF = YES;
				CLANG_WARN_OBJC_LITERAL_CONVERSION = YES;
				CLANG_WARN_OBJC_ROOT_CLASS = YES_ERROR;
				CLANG_WARN_QUOTED_INCLUDE_IN_FRAMEWORK_HEADER = YES;
				CLANG_WARN_RANGE_LOOP_ANALYSIS = YES;
				CLANG_WARN_STRICT_PROTOTYPES = YES;
				CLANG_WARN_SUSPICIOUS_MOVE = YES;
				CLANG_WARN_UNGUARDED_AVAILABILITY = YES_AGGRESSIVE;
				CLANG_WARN_UNREACHABLE_CODE = YES;
				CLANG_WARN__DUPLICATE_METHOD_MATCH = YES;
				COPY_PHASE_STRIP = NO;
				DEBUG_INFORMATION_FORMAT = dwarf;
				ENABLE_STRICT_OBJC_MSGSEND = YES;
				ENABLE_TESTABILITY = YES;
				ENABLE_USER_SCRIPT_SANDBOXING = YES;
				GCC_C_LANGUAGE_STANDARD = gnu17;
				GCC_DYNAMIC_NO_PIC = NO;
				GCC_NO_COMMON_BLOCKS = YES;
				GCC_OPTIMIZATION_LEVEL = 0;
				GCC_PREPROCESSOR_DEFINITIONS = (
					"DEBUG=1",
					"$(inherited)",
				);
				GCC_WARN_64_TO_32_BIT_CONVERSION = YES;
				GCC_WARN_ABOUT_RETURN_TYPE = YES_ERROR;
				GCC_WARN_UNDECLARED_SELECTOR = YES;
				GCC_WARN_UNINITIALIZED_AUTOS = YES_AGGRESSIVE;
				GCC_WARN_UNUSED_FUNCTION = YES;
				GCC_WARN_UNUSED_VARIABLE = YES;
				IPHONEOS_DEPLOYMENT_TARGET = 17.0;
				LOCALIZATION_PREFERS_STRING_CATALOGS = YES;
				MTL_ENABLE_DEBUG_INFO = INCLUDE_SOURCE;
				MTL_FAST_MATH = YES;
				ONLY_ACTIVE_ARCH = YES;
				SDKROOT = iphoneos;
				SWIFT_ACTIVE_COMPILATION_CONDITIONS = "DEBUG $(inherited)";
				SWIFT_OPTIMIZATION_LEVEL = "-Onone";
			};
			name = Debug;
		};
		E5B950E92BEBFA7E004BC522 /* Release */ = {
			isa = XCBuildConfiguration;
			buildSettings = {
				ALWAYS_SEARCH_USER_PATHS = NO;
				ASSETCATALOG_COMPILER_GENERATE_SWIFT_ASSET_SYMBOL_EXTENSIONS = YES;
				CLANG_ANALYZER_NONNULL = YES;
				CLANG_ANALYZER_NUMBER_OBJECT_CONVERSION = YES_AGGRESSIVE;
				CLANG_CXX_LANGUAGE_STANDARD = "gnu++20";
				CLANG_ENABLE_MODULES = YES;
				CLANG_ENABLE_OBJC_ARC = YES;
				CLANG_ENABLE_OBJC_WEAK = YES;
				CLANG_WARN_BLOCK_CAPTURE_AUTORELEASING = YES;
				CLANG_WARN_BOOL_CONVERSION = YES;
				CLANG_WARN_COMMA = YES;
				CLANG_WARN_CONSTANT_CONVERSION = YES;
				CLANG_WARN_DEPRECATED_OBJC_IMPLEMENTATIONS = YES;
				CLANG_WARN_DIRECT_OBJC_ISA_USAGE = YES_ERROR;
				CLANG_WARN_DOCUMENTATION_COMMENTS = YES;
				CLANG_WARN_EMPTY_BODY = YES;
				CLANG_WARN_ENUM_CONVERSION = YES;
				CLANG_WARN_INFINITE_RECURSION = YES;
				CLANG_WARN_INT_CONVERSION = YES;
				CLANG_WARN_NON_LITERAL_NULL_CONVERSION = YES;
				CLANG_WARN_OBJC_IMPLICIT_RETAIN_SELF = YES;
				CLANG_WARN_OBJC_LITERAL_CONVERSION = YES;
				CLANG_WARN_OBJC_ROOT_CLASS = YES_ERROR;
				CLANG_WARN_QUOTED_INCLUDE_IN_FRAMEWORK_HEADER = YES;
				CLANG_WARN_RANGE_LOOP_ANALYSIS = YES;
				CLANG_WARN_STRICT_PROTOTYPES = YES;
				CLANG_WARN_SUSPICIOUS_MOVE = YES;
				CLANG_WARN_UNGUARDED_AVAILABILITY = YES_AGGRESSIVE;
				CLANG_WARN_UNREACHABLE_CODE = YES;
				CLANG_WARN__DUPLICATE_METHOD_MATCH = YES;
				COPY_PHASE_STRIP = NO;
				DEBUG_INFORMATION_FORMAT = "dwarf-with-dsym";
				ENABLE_NS_ASSERTIONS = NO;
				ENABLE_STRICT_OBJC_MSGSEND = YES;
				ENABLE_USER_SCRIPT_SANDBOXING = YES;
				GCC_C_LANGUAGE_STANDARD = gnu17;
				GCC_NO_COMMON_BLOCKS = YES;
				GCC_WARN_64_TO_32_BIT_CONVERSION = YES;
				GCC_WARN_ABOUT_RETURN_TYPE = YES_ERROR;
				GCC_WARN_UNDECLARED_SELECTOR = YES;
				GCC_WARN_UNINITIALIZED_AUTOS = YES_AGGRESSIVE;
				GCC_WARN_UNUSED_FUNCTION = YES;
				GCC_WARN_UNUSED_VARIABLE = YES;
				IPHONEOS_DEPLOYMENT_TARGET = 17.0;
				LOCALIZATION_PREFERS_STRING_CATALOGS = YES;
				MTL_ENABLE_DEBUG_INFO = NO;
				MTL_FAST_MATH = YES;
				SDKROOT = iphoneos;
				SWIFT_COMPILATION_MODE = wholemodule;
				VALIDATE_PRODUCT = YES;
			};
			name = Release;
		};
		E5B950EB2BEBFA7E004BC522 /* Debug */ = {
			isa = XCBuildConfiguration;
			buildSettings = {
				ASSETCATALOG_COMPILER_APPICON_NAME = AppIcon;
				ASSETCATALOG_COMPILER_GLOBAL_ACCENT_COLOR_NAME = AccentColor;
				CODE_SIGN_STYLE = Automatic;
				CURRENT_PROJECT_VERSION = 1;
				DEVELOPMENT_ASSET_PATHS = "\"skorguru/Preview Content\"";
				ENABLE_PREVIEWS = YES;
				GENERATE_INFOPLIST_FILE = YES;
				INFOPLIST_KEY_UIApplicationSceneManifest_Generation = YES;
				INFOPLIST_KEY_UIApplicationSupportsIndirectInputEvents = YES;
				INFOPLIST_KEY_UILaunchScreen_Generation = YES;
				INFOPLIST_KEY_UISupportedInterfaceOrientations_iPad = "UIInterfaceOrientationPortrait UIInterfaceOrientationPortraitUpsideDown UIInterfaceOrientationLandscapeLeft UIInterfaceOrientationLandscapeRight";
				INFOPLIST_KEY_UISupportedInterfaceOrientations_iPhone = "UIInterfaceOrientationPortrait UIInterfaceOrientationLandscapeLeft UIInterfaceOrientationLandscapeRight";
				LD_RUNPATH_SEARCH_PATHS = (
					"$(inherited)",
					"@executable_path/Frameworks",
				);
				MARKETING_VERSION = 1.0;
				PRODUCT_BUNDLE_IDENTIFIER = com.cembicakci.skorguru;
				PRODUCT_NAME = "$(TARGET_NAME)";
				SWIFT_EMIT_LOC_STRINGS = YES;
				SWIFT_VERSION = 5.0;
				TARGETED_DEVICE_FAMILY = "1,2";
			};
			name = Debug;
		};
		E5B950EC2BEBFA7E004BC522 /* Release */ = {
			isa = XCBuildConfiguration;
			buildSettings = {
				ASSETCATALOG_COMPILER_APPICON_NAME = AppIcon;
				ASSETCATALOG_COMPILER_GLOBAL_ACCENT_COLOR_NAME = AccentColor;
				CODE_SIGN_STYLE = Automatic;
				CURRENT_PROJECT_VERSION = 1;
				DEVELOPMENT_ASSET_PATHS = "\"skorguru/Preview Content\"";
				ENABLE_PREVIEWS = YES;
				GENERATE_INFOPLIST_FILE = YES;
				INFOPLIST_KEY_UIApplicationSceneManifest_Generation = YES;
				INFOPLIST_KEY_UIApplicationSupportsIndirectInputEvents = YES;
				INFOPLIST_KEY_UILaunchScreen_Generation = YES;
				INFOPLIST_KEY_UISupportedInterfaceOrientations_iPad = "UIInterfaceOrientationPortrait UIInterfaceOrientationPortraitUpsideDown UIInterfaceOrientationLandscapeLeft UIInterfaceOrientationLandscapeRight";
				INFOPLIST_KEY_UISupportedInterfaceOrientations_iPhone = "UIInterfaceOrientationPortrait UIInterfaceOrientationLandscapeLeft UIInterfaceOrientationLandscapeRight";
				LD_RUNPATH_SEARCH_PATHS = (
					"$(inherited)",
					"@executable_path/Frameworks",
				);
				MARKETING_VERSION = 1.0;
				PRODUCT_BUNDLE_IDENTIFIER = com.cembicakci.skorguru;
				PRODUCT_NAME = "$(TARGET_NAME)";
				SWIFT_EMIT_LOC_STRINGS = YES;
				SWIFT_VERSION = 5.0;
				TARGETED_DEVICE_FAMILY = "1,2";
			};
			name = Release;
		};
/* End XCBuildConfiguration section */

/* Begin XCConfigurationList section */
		E5B950D72BEBFA7D004BC522 /* Build configuration list for PBXProject "skorguru" */ = {
			isa = XCConfigurationList;
			buildConfigurations = (
				E5B950E82BEBFA7E004BC522 /* Debug */,
				E5B950E92BEBFA7E004BC522 /* Release */,
			);
			defaultConfigurationIsVisible = 0;
			defaultConfigurationName = Release;
		};
		E5B950EA2BEBFA7E004BC522 /* Build configuration list for PBXNativeTarget "skorguru" */ = {
			isa = XCConfigurationList;
			buildConfigurations = (
				E5B950EB2BEBFA7E004BC522 /* Debug */,
				E5B950EC2BEBFA7E004BC522 /* Release */,
			);
			defaultConfigurationIsVisible = 0;
			defaultConfigurationName = Release;
		};
/* End XCConfigurationList section */
	};
	rootObject = E5B950D42BEBFA7D004BC522 /* Project object */;
}
